
Microsoft Visual Studio Solution File, Format Version 12.00
# Visual Studio Version 17
VisualStudioVersion = 17.11.35222.181
MinimumVisualStudioVersion = 10.0.40219.1
Project("{FAE04EC0-301F-11D3-BF4B-00C04F79EFBC}") = "H_P_II_Clase3", "H_P_II_Clase3.csproj", "{9BA97CF5-60CA-47FF-958A-FCF24B8BC22A}"
EndProject
Global
	GlobalSection(SolutionConfigurationPlatforms) = preSolution
		Debug|Any CPU = Debug|Any CPU
		Release|Any CPU = Release|Any CPU
	EndGlobalSection
	GlobalSection(ProjectConfigurationPlatforms) = postSolution
		{9BA97CF5-60CA-47FF-958A-FCF24B8BC22A}.Debug|Any CPU.ActiveCfg = Debug|Any CPU
		{9BA97CF5-60CA-47FF-958A-FCF24B8BC22A}.Debug|Any CPU.Build.0 = Debug|Any CPU
		{9BA97CF5-60CA-47FF-958A-FCF24B8BC22A}.Release|Any CPU.ActiveCfg = Release|Any CPU
		{9BA97CF5-60CA-47FF-958A-FCF24B8BC22A}.Release|Any CPU.Build.0 = Release|Any CPU
	EndGlobalSection
	GlobalSection(SolutionProperties) = preSolution
		HideSolutionNode = FALSE
	EndGlobalSection
	GlobalSection(ExtensibilityGlobals) = postSolution
		SolutionGuid = {C7A40AD7-1E03-4DCE-864F-59D8D1050976}
	EndGlobalSection
EndGlobal
